
Microsoft Visual Studio Solution File, Format Version 12.00
Project("{2150E333-8FDC-42A3-9474-1A3956D46DE8}") = "src", "src", "{0E360F57-CE3F-4082-B3A3-BB687219858D}"
EndProject
Project("{2150E333-8FDC-42A3-9474-1A3956D46DE8}") = "solution-files", "solution-files", "{C96C5A2A-E3CB-4339-90A1-EA989969F49B}"
	ProjectSection(SolutionItems) = preProject
		solution-files\docker-compose.yaml = solution-files\docker-compose.yaml
		.gitignore = .gitignore
	EndProjectSection
EndProject
Project("{2150E333-8FDC-42A3-9474-1A3956D46DE8}") = "tests", "tests", "{989AC235-64E1-44EF-B5F2-0657283999AD}"
EndProject
Project("{2150E333-8FDC-42A3-9474-1A3956D46DE8}") = "Friendship", "src\Friendship", "{81582E2B-2951-45D2-A0C7-B2257AB7ABB7}"
EndProject
Project("{2150E333-8FDC-42A3-9474-1A3956D46DE8}") = "Account", "src\Account", "{6872896C-EA4B-435C-A0B6-6FACEB0337C4}"
EndProject
Project("{2150E333-8FDC-42A3-9474-1A3956D46DE8}") = "Chat", "src\Chat", "{E1341AA9-674B-47B7-B724-03CB697FC365}"
EndProject
Project("{FAE04EC0-301F-11D3-BF4B-00C04F79EFBC}") = "ChatRumi.Friendship.Domain", "src\Friendship\ChatRumi.Friendship.Domain\ChatRumi.Friendship.Domain.csproj", "{74A3CF34-CB25-4EC3-B0D3-90F223DB6152}"
EndProject
Project("{FAE04EC0-301F-11D3-BF4B-00C04F79EFBC}") = "ChatRumi.Friendship.Application", "src\Friendship\ChatRumi.Friendship.Application\ChatRumi.Friendship.Application.csproj", "{0A36BDE7-906D-49A1-9F50-F43B98FA14B0}"
EndProject
Project("{FAE04EC0-301F-11D3-BF4B-00C04F79EFBC}") = "ChatRumi.Friendship.Api", "src\Friendship\ChatRumi.Friendship.Api\ChatRumi.Friendship.Api.csproj", "{933510BF-FBA3-4740-B227-0B7D08454FC8}"
EndProject
Project("{FAE04EC0-301F-11D3-BF4B-00C04F79EFBC}") = "ChatRumi.Chat.Domain", "src\Chat\ChatRumi.Chat.Domain\ChatRumi.Chat.Domain.csproj", "{AB42B85B-B712-45C4-8C45-D34AEA3C8A62}"
EndProject
Project("{FAE04EC0-301F-11D3-BF4B-00C04F79EFBC}") = "ChatRumi.Chat.Application", "src\Chat\ChatRumi.Chat.Application\ChatRumi.Chat.Application.csproj", "{6076A7C4-9D8A-4E9B-811E-113704CD672C}"
EndProject
Project("{FAE04EC0-301F-11D3-BF4B-00C04F79EFBC}") = "ChatRumi.Chat.Api", "src\Chat\ChatRumi.Chat.Api\ChatRumi.Chat.Api.csproj", "{EF75154D-3A78-4300-B0F8-8108D74F9D02}"
EndProject
Project("{FAE04EC0-301F-11D3-BF4B-00C04F79EFBC}") = "ChatRumi.Account.Domain", "src\Account\ChatRumi.Account.Domain\ChatRumi.Account.Domain.csproj", "{B6AE3D9C-2DDC-4BA2-8DA8-034484F85510}"
EndProject
Project("{FAE04EC0-301F-11D3-BF4B-00C04F79EFBC}") = "ChatRumi.Account.Application", "src\Account\ChatRumi.Account.Application\ChatRumi.Account.Application.csproj", "{DE4A4079-6084-4B44-AAF0-3786ABFBFBC5}"
EndProject
Project("{FAE04EC0-301F-11D3-BF4B-00C04F79EFBC}") = "ChatRumi.Account.Api", "src\Account\ChatRumi.Account.Api\ChatRumi.Account.Api.csproj", "{FA7A14F1-0A6A-4E67-A626-155F0B86E02B}"
EndProject
Project("{FAE04EC0-301F-11D3-BF4B-00C04F79EFBC}") = "ChatRumi.Kernel", "src\ChatRumi.Kernel\ChatRumi.Kernel.csproj", "{ED9527CA-621C-4699-84AA-33F9C308CF81}"
EndProject
Project("{FAE04EC0-301F-11D3-BF4B-00C04F79EFBC}") = "ChatRumi.Infrastructure", "src\ChatRumi.Infrastructure\ChatRumi.Infrastructure.csproj", "{864BCE1F-2B21-407D-921E-264ACCB5EFE5}"
EndProject
Project("{FAE04EC0-301F-11D3-BF4B-00C04F79EFBC}") = "ChatRum.InterCommunication", "src\ChatRum.InterCommunication\ChatRum.InterCommunication.csproj", "{68160544-11E1-4766-9082-2FD4CA2F0981}"
EndProject
Project("{FAE04EC0-301F-11D3-BF4B-00C04F79EFBC}") = "ChatRum.Gateway", "src\ChatRum.Gateway\ChatRum.Gateway.csproj", "{6BB09217-0A95-4091-97F4-7F54617D7C21}"
EndProject
Project("{2150E333-8FDC-42A3-9474-1A3956D46DE8}") = "Feed", "Feed", "{A692D263-D67F-46A4-B0F2-7A69834B109F}"
EndProject
Project("{FAE04EC0-301F-11D3-BF4B-00C04F79EFBC}") = "ChatRumi.Feed.Domain", "src\Feed\ChatRumi.Feed.Domain\ChatRumi.Feed.Domain.csproj", "{A80BAFC5-8871-4EC3-A7A4-3B0C5A7E1A11}"
EndProject
Project("{FAE04EC0-301F-11D3-BF4B-00C04F79EFBC}") = "ChatRumi.Feed.Application", "src\Feed\ChatRumi.Feed.Application\ChatRumi.Feed.Application.csproj", "{56EE4B8D-4E96-4149-945A-99624D009076}"
EndProject
Project("{FAE04EC0-301F-11D3-BF4B-00C04F79EFBC}") = "ChatRumi.Feed.Infrastructure", "src\Feed\ChatRumi.Feed.Infrastructure\ChatRumi.Feed.Infrastructure.csproj", "{9BC22CA9-DA1D-47CB-B655-7C349D53AFC8}"
EndProject
Project("{FAE04EC0-301F-11D3-BF4B-00C04F79EFBC}") = "ChatRumi.Feed.Api", "src\Feed\ChatRumi.Feed.Api\ChatRumi.Feed.Api.csproj", "{72282AEC-6044-47BC-8BA8-9B2422264D9F}"
EndProject
Project("{FAE04EC0-301F-11D3-BF4B-00C04F79EFBC}") = "ChatRumi.Feed.AccountSync", "src\Feed\ChatRumi.Feed.AccountSync\ChatRumi.Feed.AccountSync.csproj", "{60128C3E-364E-4D1B-ACA7-DA0272B2CC22}"
EndProject
Project("{FAE04EC0-301F-11D3-BF4B-00C04F79EFBC}") = "ChatRumi.Friendship.AccountSync", "src\ChatRumi.Friendship.AccountSync\ChatRumi.Friendship.AccountSync.csproj", "{E4A8F09A-089D-40C2-8C85-A63185A148C8}"
EndProject
Global
	GlobalSection(SolutionConfigurationPlatforms) = preSolution
		Debug|Any CPU = Debug|Any CPU
		Release|Any CPU = Release|Any CPU
	EndGlobalSection
	GlobalSection(NestedProjects) = preSolution
		{81582E2B-2951-45D2-A0C7-B2257AB7ABB7} = {0E360F57-CE3F-4082-B3A3-BB687219858D}
		{6872896C-EA4B-435C-A0B6-6FACEB0337C4} = {0E360F57-CE3F-4082-B3A3-BB687219858D}
		{E1341AA9-674B-47B7-B724-03CB697FC365} = {0E360F57-CE3F-4082-B3A3-BB687219858D}
		{74A3CF34-CB25-4EC3-B0D3-90F223DB6152} = {81582E2B-2951-45D2-A0C7-B2257AB7ABB7}
		{0A36BDE7-906D-49A1-9F50-F43B98FA14B0} = {81582E2B-2951-45D2-A0C7-B2257AB7ABB7}
		{933510BF-FBA3-4740-B227-0B7D08454FC8} = {81582E2B-2951-45D2-A0C7-B2257AB7ABB7}
		{AB42B85B-B712-45C4-8C45-D34AEA3C8A62} = {E1341AA9-674B-47B7-B724-03CB697FC365}
		{6076A7C4-9D8A-4E9B-811E-113704CD672C} = {E1341AA9-674B-47B7-B724-03CB697FC365}
		{EF75154D-3A78-4300-B0F8-8108D74F9D02} = {E1341AA9-674B-47B7-B724-03CB697FC365}
		{B6AE3D9C-2DDC-4BA2-8DA8-034484F85510} = {6872896C-EA4B-435C-A0B6-6FACEB0337C4}
		{DE4A4079-6084-4B44-AAF0-3786ABFBFBC5} = {6872896C-EA4B-435C-A0B6-6FACEB0337C4}
		{FA7A14F1-0A6A-4E67-A626-155F0B86E02B} = {6872896C-EA4B-435C-A0B6-6FACEB0337C4}
		{ED9527CA-621C-4699-84AA-33F9C308CF81} = {0E360F57-CE3F-4082-B3A3-BB687219858D}
		{864BCE1F-2B21-407D-921E-264ACCB5EFE5} = {0E360F57-CE3F-4082-B3A3-BB687219858D}
		{68160544-11E1-4766-9082-2FD4CA2F0981} = {0E360F57-CE3F-4082-B3A3-BB687219858D}
		{6BB09217-0A95-4091-97F4-7F54617D7C21} = {0E360F57-CE3F-4082-B3A3-BB687219858D}
		{A692D263-D67F-46A4-B0F2-7A69834B109F} = {0E360F57-CE3F-4082-B3A3-BB687219858D}
		{A80BAFC5-8871-4EC3-A7A4-3B0C5A7E1A11} = {A692D263-D67F-46A4-B0F2-7A69834B109F}
		{56EE4B8D-4E96-4149-945A-99624D009076} = {A692D263-D67F-46A4-B0F2-7A69834B109F}
		{9BC22CA9-DA1D-47CB-B655-7C349D53AFC8} = {A692D263-D67F-46A4-B0F2-7A69834B109F}
		{72282AEC-6044-47BC-8BA8-9B2422264D9F} = {A692D263-D67F-46A4-B0F2-7A69834B109F}
		{60128C3E-364E-4D1B-ACA7-DA0272B2CC22} = {A692D263-D67F-46A4-B0F2-7A69834B109F}
		{E4A8F09A-089D-40C2-8C85-A63185A148C8} = {81582E2B-2951-45D2-A0C7-B2257AB7ABB7}
	EndGlobalSection
	GlobalSection(ProjectConfigurationPlatforms) = postSolution
		{74A3CF34-CB25-4EC3-B0D3-90F223DB6152}.Debug|Any CPU.ActiveCfg = Debug|Any CPU
		{74A3CF34-CB25-4EC3-B0D3-90F223DB6152}.Debug|Any CPU.Build.0 = Debug|Any CPU
		{74A3CF34-CB25-4EC3-B0D3-90F223DB6152}.Release|Any CPU.ActiveCfg = Release|Any CPU
		{74A3CF34-CB25-4EC3-B0D3-90F223DB6152}.Release|Any CPU.Build.0 = Release|Any CPU
		{0A36BDE7-906D-49A1-9F50-F43B98FA14B0}.Debug|Any CPU.ActiveCfg = Debug|Any CPU
		{0A36BDE7-906D-49A1-9F50-F43B98FA14B0}.Debug|Any CPU.Build.0 = Debug|Any CPU
		{0A36BDE7-906D-49A1-9F50-F43B98FA14B0}.Release|Any CPU.ActiveCfg = Release|Any CPU
		{0A36BDE7-906D-49A1-9F50-F43B98FA14B0}.Release|Any CPU.Build.0 = Release|Any CPU
		{933510BF-FBA3-4740-B227-0B7D08454FC8}.Debug|Any CPU.ActiveCfg = Debug|Any CPU
		{933510BF-FBA3-4740-B227-0B7D08454FC8}.Debug|Any CPU.Build.0 = Debug|Any CPU
		{933510BF-FBA3-4740-B227-0B7D08454FC8}.Release|Any CPU.ActiveCfg = Release|Any CPU
		{933510BF-FBA3-4740-B227-0B7D08454FC8}.Release|Any CPU.Build.0 = Release|Any CPU
		{AB42B85B-B712-45C4-8C45-D34AEA3C8A62}.Debug|Any CPU.ActiveCfg = Debug|Any CPU
		{AB42B85B-B712-45C4-8C45-D34AEA3C8A62}.Debug|Any CPU.Build.0 = Debug|Any CPU
		{AB42B85B-B712-45C4-8C45-D34AEA3C8A62}.Release|Any CPU.ActiveCfg = Release|Any CPU
		{AB42B85B-B712-45C4-8C45-D34AEA3C8A62}.Release|Any CPU.Build.0 = Release|Any CPU
		{6076A7C4-9D8A-4E9B-811E-113704CD672C}.Debug|Any CPU.ActiveCfg = Debug|Any CPU
		{6076A7C4-9D8A-4E9B-811E-113704CD672C}.Debug|Any CPU.Build.0 = Debug|Any CPU
		{6076A7C4-9D8A-4E9B-811E-113704CD672C}.Release|Any CPU.ActiveCfg = Release|Any CPU
		{6076A7C4-9D8A-4E9B-811E-113704CD672C}.Release|Any CPU.Build.0 = Release|Any CPU
		{EF75154D-3A78-4300-B0F8-8108D74F9D02}.Debug|Any CPU.ActiveCfg = Debug|Any CPU
		{EF75154D-3A78-4300-B0F8-8108D74F9D02}.Debug|Any CPU.Build.0 = Debug|Any CPU
		{EF75154D-3A78-4300-B0F8-8108D74F9D02}.Release|Any CPU.ActiveCfg = Release|Any CPU
		{EF75154D-3A78-4300-B0F8-8108D74F9D02}.Release|Any CPU.Build.0 = Release|Any CPU
		{B6AE3D9C-2DDC-4BA2-8DA8-034484F85510}.Debug|Any CPU.ActiveCfg = Debug|Any CPU
		{B6AE3D9C-2DDC-4BA2-8DA8-034484F85510}.Debug|Any CPU.Build.0 = Debug|Any CPU
		{B6AE3D9C-2DDC-4BA2-8DA8-034484F85510}.Release|Any CPU.ActiveCfg = Release|Any CPU
		{B6AE3D9C-2DDC-4BA2-8DA8-034484F85510}.Release|Any CPU.Build.0 = Release|Any CPU
		{DE4A4079-6084-4B44-AAF0-3786ABFBFBC5}.Debug|Any CPU.ActiveCfg = Debug|Any CPU
		{DE4A4079-6084-4B44-AAF0-3786ABFBFBC5}.Debug|Any CPU.Build.0 = Debug|Any CPU
		{DE4A4079-6084-4B44-AAF0-3786ABFBFBC5}.Release|Any CPU.ActiveCfg = Release|Any CPU
		{DE4A4079-6084-4B44-AAF0-3786ABFBFBC5}.Release|Any CPU.Build.0 = Release|Any CPU
		{FA7A14F1-0A6A-4E67-A626-155F0B86E02B}.Debug|Any CPU.ActiveCfg = Debug|Any CPU
		{FA7A14F1-0A6A-4E67-A626-155F0B86E02B}.Debug|Any CPU.Build.0 = Debug|Any CPU
		{FA7A14F1-0A6A-4E67-A626-155F0B86E02B}.Release|Any CPU.ActiveCfg = Release|Any CPU
		{FA7A14F1-0A6A-4E67-A626-155F0B86E02B}.Release|Any CPU.Build.0 = Release|Any CPU
		{ED9527CA-621C-4699-84AA-33F9C308CF81}.Debug|Any CPU.ActiveCfg = Debug|Any CPU
		{ED9527CA-621C-4699-84AA-33F9C308CF81}.Debug|Any CPU.Build.0 = Debug|Any CPU
		{ED9527CA-621C-4699-84AA-33F9C308CF81}.Release|Any CPU.ActiveCfg = Release|Any CPU
		{ED9527CA-621C-4699-84AA-33F9C308CF81}.Release|Any CPU.Build.0 = Release|Any CPU
		{864BCE1F-2B21-407D-921E-264ACCB5EFE5}.Debug|Any CPU.ActiveCfg = Debug|Any CPU
		{864BCE1F-2B21-407D-921E-264ACCB5EFE5}.Debug|Any CPU.Build.0 = Debug|Any CPU
		{864BCE1F-2B21-407D-921E-264ACCB5EFE5}.Release|Any CPU.ActiveCfg = Release|Any CPU
		{864BCE1F-2B21-407D-921E-264ACCB5EFE5}.Release|Any CPU.Build.0 = Release|Any CPU
		{68160544-11E1-4766-9082-2FD4CA2F0981}.Debug|Any CPU.ActiveCfg = Debug|Any CPU
		{68160544-11E1-4766-9082-2FD4CA2F0981}.Debug|Any CPU.Build.0 = Debug|Any CPU
		{68160544-11E1-4766-9082-2FD4CA2F0981}.Release|Any CPU.ActiveCfg = Release|Any CPU
		{68160544-11E1-4766-9082-2FD4CA2F0981}.Release|Any CPU.Build.0 = Release|Any CPU
		{6BB09217-0A95-4091-97F4-7F54617D7C21}.Debug|Any CPU.ActiveCfg = Debug|Any CPU
		{6BB09217-0A95-4091-97F4-7F54617D7C21}.Debug|Any CPU.Build.0 = Debug|Any CPU
		{6BB09217-0A95-4091-97F4-7F54617D7C21}.Release|Any CPU.ActiveCfg = Release|Any CPU
		{6BB09217-0A95-4091-97F4-7F54617D7C21}.Release|Any CPU.Build.0 = Release|Any CPU
		{A80BAFC5-8871-4EC3-A7A4-3B0C5A7E1A11}.Debug|Any CPU.ActiveCfg = Debug|Any CPU
		{A80BAFC5-8871-4EC3-A7A4-3B0C5A7E1A11}.Debug|Any CPU.Build.0 = Debug|Any CPU
		{A80BAFC5-8871-4EC3-A7A4-3B0C5A7E1A11}.Release|Any CPU.ActiveCfg = Release|Any CPU
		{A80BAFC5-8871-4EC3-A7A4-3B0C5A7E1A11}.Release|Any CPU.Build.0 = Release|Any CPU
		{56EE4B8D-4E96-4149-945A-99624D009076}.Debug|Any CPU.ActiveCfg = Debug|Any CPU
		{56EE4B8D-4E96-4149-945A-99624D009076}.Debug|Any CPU.Build.0 = Debug|Any CPU
		{56EE4B8D-4E96-4149-945A-99624D009076}.Release|Any CPU.ActiveCfg = Release|Any CPU
		{56EE4B8D-4E96-4149-945A-99624D009076}.Release|Any CPU.Build.0 = Release|Any CPU
		{9BC22CA9-DA1D-47CB-B655-7C349D53AFC8}.Debug|Any CPU.ActiveCfg = Debug|Any CPU
		{9BC22CA9-DA1D-47CB-B655-7C349D53AFC8}.Debug|Any CPU.Build.0 = Debug|Any CPU
		{9BC22CA9-DA1D-47CB-B655-7C349D53AFC8}.Release|Any CPU.ActiveCfg = Release|Any CPU
		{9BC22CA9-DA1D-47CB-B655-7C349D53AFC8}.Release|Any CPU.Build.0 = Release|Any CPU
		{72282AEC-6044-47BC-8BA8-9B2422264D9F}.Debug|Any CPU.ActiveCfg = Debug|Any CPU
		{72282AEC-6044-47BC-8BA8-9B2422264D9F}.Debug|Any CPU.Build.0 = Debug|Any CPU
		{72282AEC-6044-47BC-8BA8-9B2422264D9F}.Release|Any CPU.ActiveCfg = Release|Any CPU
		{72282AEC-6044-47BC-8BA8-9B2422264D9F}.Release|Any CPU.Build.0 = Release|Any CPU
		{60128C3E-364E-4D1B-ACA7-DA0272B2CC22}.Debug|Any CPU.ActiveCfg = Debug|Any CPU
		{60128C3E-364E-4D1B-ACA7-DA0272B2CC22}.Debug|Any CPU.Build.0 = Debug|Any CPU
		{60128C3E-364E-4D1B-ACA7-DA0272B2CC22}.Release|Any CPU.ActiveCfg = Release|Any CPU
		{60128C3E-364E-4D1B-ACA7-DA0272B2CC22}.Release|Any CPU.Build.0 = Release|Any CPU
		{E4A8F09A-089D-40C2-8C85-A63185A148C8}.Debug|Any CPU.ActiveCfg = Debug|Any CPU
		{E4A8F09A-089D-40C2-8C85-A63185A148C8}.Debug|Any CPU.Build.0 = Debug|Any CPU
		{E4A8F09A-089D-40C2-8C85-A63185A148C8}.Release|Any CPU.ActiveCfg = Release|Any CPU
		{E4A8F09A-089D-40C2-8C85-A63185A148C8}.Release|Any CPU.Build.0 = Release|Any CPU
	EndGlobalSection
EndGlobal
